
Microsoft Visual Studio Solution File, Format Version 12.00
# Visual Studio Version 16
VisualStudioVersion = 16.0.31129.286
MinimumVisualStudioVersion = 10.0.40219.1
Project("{9A19103F-16F7-4668-BE54-9A1E7A4F7556}") = "TIMER", "TIMER.csproj", "{A9180135-8019-44D6-8C76-BB8C6E02ADE3}"
EndProject
Project("{54435603-DBB4-11D2-8724-00A0C9A8B90C}") = "Setup1", "instalador\Setup1\Setup1.vdproj", "{7264A141-B10D-44CF-96E4-3A19E71A08F1}"
EndProject
Global
	GlobalSection(SolutionConfigurationPlatforms) = preSolution
		Debug|Any CPU = Debug|Any CPU
		Release|Any CPU = Release|Any CPU
	EndGlobalSection
	GlobalSection(ProjectConfigurationPlatforms) = postSolution
		{A9180135-8019-44D6-8C76-BB8C6E02ADE3}.Debug|Any CPU.ActiveCfg = Debug|Any CPU
		{A9180135-8019-44D6-8C76-BB8C6E02ADE3}.Debug|Any CPU.Build.0 = Debug|Any CPU
		{A9180135-8019-44D6-8C76-BB8C6E02ADE3}.Release|Any CPU.ActiveCfg = Release|Any CPU
		{A9180135-8019-44D6-8C76-BB8C6E02ADE3}.Release|Any CPU.Build.0 = Release|Any CPU
		{7264A141-B10D-44CF-96E4-3A19E71A08F1}.Debug|Any CPU.ActiveCfg = Debug
		{7264A141-B10D-44CF-96E4-3A19E71A08F1}.Release|Any CPU.ActiveCfg = Release
	EndGlobalSection
	GlobalSection(SolutionProperties) = preSolution
		HideSolutionNode = FALSE
	EndGlobalSection
	GlobalSection(ExtensibilityGlobals) = postSolution
		SolutionGuid = {1172FE2E-8DD5-46DC-9D1F-A9C377E0588B}
	EndGlobalSection
EndGlobal
